
Microsoft Visual Studio Solution File, Format Version 12.00
Project("{FAE04EC0-301F-11D3-BF4B-00C04F79EFBC}") = "p3rpc.flowscriptframework", "p3rpc.flowscriptframework\p3rpc.flowscriptframework.csproj", "{C29B5F71-5A30-4353-88F9-6975B257A1D1}"
EndProject
Project("{FAE04EC0-301F-11D3-BF4B-00C04F79EFBC}") = "p3rpc.flowscriptframework.Interfaces", "p3rpc.flowscriptframework.Interfaces\p3rpc.flowscriptframework.Interfaces.csproj", "{B4CB8472-4B09-43FF-BF03-B0ABA3E150D2}"
EndProject
Project("{FAE04EC0-301F-11D3-BF4B-00C04F79EFBC}") = "riri.flowscriptframework.Types.V4", "riri.flowscriptframework.Types.V4\riri.flowscriptframework.Types.V4.csproj", "{D286D856-C8EE-42D7-B145-A75247FC642E}"
EndProject
Project("{FAE04EC0-301F-11D3-BF4B-00C04F79EFBC}") = "p3rpc.flowscriptframework.test", "p3rpc.flowscriptframework.test\p3rpc.flowscriptframework.test.csproj", "{9F827574-A66D-42A9-83FD-36183B0B23F7}"
EndProject
Project("{FAE04EC0-301F-11D3-BF4B-00C04F79EFBC}") = "UE.Toolkit.Interfaces", "..\UE.Toolkit\UE.Toolkit.Interfaces\UE.Toolkit.Interfaces.csproj", "{358F7910-C3A1-4B4D-88B9-693963BFA562}"
EndProject
Project("{FAE04EC0-301F-11D3-BF4B-00C04F79EFBC}") = "UE.Toolkit.Core", "..\UE.Toolkit\UE.Toolkit.Core\UE.Toolkit.Core.csproj", "{96D70BAE-0A1A-4954-B86C-37383CE00E74}"
EndProject
Global
	GlobalSection(SolutionConfigurationPlatforms) = preSolution
		Debug|Any CPU = Debug|Any CPU
		Release|Any CPU = Release|Any CPU
	EndGlobalSection
	GlobalSection(ProjectConfigurationPlatforms) = postSolution
		{C29B5F71-5A30-4353-88F9-6975B257A1D1}.Debug|Any CPU.ActiveCfg = Debug|Any CPU
		{C29B5F71-5A30-4353-88F9-6975B257A1D1}.Debug|Any CPU.Build.0 = Debug|Any CPU
		{C29B5F71-5A30-4353-88F9-6975B257A1D1}.Release|Any CPU.ActiveCfg = Release|Any CPU
		{C29B5F71-5A30-4353-88F9-6975B257A1D1}.Release|Any CPU.Build.0 = Release|Any CPU
		{B4CB8472-4B09-43FF-BF03-B0ABA3E150D2}.Debug|Any CPU.ActiveCfg = Debug|Any CPU
		{B4CB8472-4B09-43FF-BF03-B0ABA3E150D2}.Debug|Any CPU.Build.0 = Debug|Any CPU
		{B4CB8472-4B09-43FF-BF03-B0ABA3E150D2}.Release|Any CPU.ActiveCfg = Release|Any CPU
		{B4CB8472-4B09-43FF-BF03-B0ABA3E150D2}.Release|Any CPU.Build.0 = Release|Any CPU
		{D286D856-C8EE-42D7-B145-A75247FC642E}.Debug|Any CPU.ActiveCfg = Debug|Any CPU
		{D286D856-C8EE-42D7-B145-A75247FC642E}.Debug|Any CPU.Build.0 = Debug|Any CPU
		{D286D856-C8EE-42D7-B145-A75247FC642E}.Release|Any CPU.ActiveCfg = Release|Any CPU
		{D286D856-C8EE-42D7-B145-A75247FC642E}.Release|Any CPU.Build.0 = Release|Any CPU
		{9F827574-A66D-42A9-83FD-36183B0B23F7}.Debug|Any CPU.ActiveCfg = Debug|Any CPU
		{9F827574-A66D-42A9-83FD-36183B0B23F7}.Debug|Any CPU.Build.0 = Debug|Any CPU
		{9F827574-A66D-42A9-83FD-36183B0B23F7}.Release|Any CPU.ActiveCfg = Release|Any CPU
		{9F827574-A66D-42A9-83FD-36183B0B23F7}.Release|Any CPU.Build.0 = Release|Any CPU
		{358F7910-C3A1-4B4D-88B9-693963BFA562}.Debug|Any CPU.ActiveCfg = Debug|Any CPU
		{358F7910-C3A1-4B4D-88B9-693963BFA562}.Debug|Any CPU.Build.0 = Debug|Any CPU
		{358F7910-C3A1-4B4D-88B9-693963BFA562}.Release|Any CPU.ActiveCfg = Release|Any CPU
		{358F7910-C3A1-4B4D-88B9-693963BFA562}.Release|Any CPU.Build.0 = Release|Any CPU
		{96D70BAE-0A1A-4954-B86C-37383CE00E74}.Debug|Any CPU.ActiveCfg = Debug|Any CPU
		{96D70BAE-0A1A-4954-B86C-37383CE00E74}.Debug|Any CPU.Build.0 = Debug|Any CPU
		{96D70BAE-0A1A-4954-B86C-37383CE00E74}.Release|Any CPU.ActiveCfg = Release|Any CPU
		{96D70BAE-0A1A-4954-B86C-37383CE00E74}.Release|Any CPU.Build.0 = Release|Any CPU
	EndGlobalSection
EndGlobal
