
Microsoft Visual Studio Solution File, Format Version 12.00
Project("{FAE04EC0-301F-11D3-BF4B-00C04F79EFBC}") = "p3rpc.flowscriptframework", "p3rpc.flowscriptframework\p3rpc.flowscriptframework.csproj", "{C29B5F71-5A30-4353-88F9-6975B257A1D1}"
EndProject
Project("{FAE04EC0-301F-11D3-BF4B-00C04F79EFBC}") = "p3rpc.flowscriptframework.Interfaces", "p3rpc.flowscriptframework.Interfaces\p3rpc.flowscriptframework.Interfaces.csproj", "{B4CB8472-4B09-43FF-BF03-B0ABA3E150D2}"
EndProject
Project("{FAE04EC0-301F-11D3-BF4B-00C04F79EFBC}") = "riri.flowscriptframework.Types.V4", "riri.flowscriptframework.Types.V4\riri.flowscriptframework.Types.V4.csproj", "{D286D856-C8EE-42D7-B145-A75247FC642E}"
EndProject
Project("{FAE04EC0-301F-11D3-BF4B-00C04F79EFBC}") = "p3rpc.flowscriptframework.test", "p3rpc.flowscriptframework.test\p3rpc.flowscriptframework.test.csproj", "{9F827574-A66D-42A9-83FD-36183B0B23F7}"
EndProject
Project("{FAE04EC0-301F-11D3-BF4B-00C04F79EFBC}") = "p3rpc.flowscriptframework.dumper", "p3rpc.flowscriptframework.dumper\p3rpc.flowscriptframework.dumper.csproj", "{D4499242-1F91-49B8-9E11-CF516E09AC36}"
EndProject
Project("{FAE04EC0-301F-11D3-BF4B-00C04F79EFBC}") = "AtlusScriptLibrary", "include\AtlusScriptTools\Source\AtlusScriptLibrary\AtlusScriptLibrary.csproj", "{B34EFF88-1287-4757-BC68-D344DD4248F0}"
EndProject
Global
	GlobalSection(SolutionConfigurationPlatforms) = preSolution
		Debug|Any CPU = Debug|Any CPU
		Release|Any CPU = Release|Any CPU
	EndGlobalSection
	GlobalSection(ProjectConfigurationPlatforms) = postSolution
		{C29B5F71-5A30-4353-88F9-6975B257A1D1}.Debug|Any CPU.ActiveCfg = Debug|Any CPU
		{C29B5F71-5A30-4353-88F9-6975B257A1D1}.Debug|Any CPU.Build.0 = Debug|Any CPU
		{C29B5F71-5A30-4353-88F9-6975B257A1D1}.Release|Any CPU.ActiveCfg = Release|Any CPU
		{C29B5F71-5A30-4353-88F9-6975B257A1D1}.Release|Any CPU.Build.0 = Release|Any CPU
		{B4CB8472-4B09-43FF-BF03-B0ABA3E150D2}.Debug|Any CPU.ActiveCfg = Debug|Any CPU
		{B4CB8472-4B09-43FF-BF03-B0ABA3E150D2}.Debug|Any CPU.Build.0 = Debug|Any CPU
		{B4CB8472-4B09-43FF-BF03-B0ABA3E150D2}.Release|Any CPU.ActiveCfg = Release|Any CPU
		{B4CB8472-4B09-43FF-BF03-B0ABA3E150D2}.Release|Any CPU.Build.0 = Release|Any CPU
		{D286D856-C8EE-42D7-B145-A75247FC642E}.Debug|Any CPU.ActiveCfg = Debug|Any CPU
		{D286D856-C8EE-42D7-B145-A75247FC642E}.Debug|Any CPU.Build.0 = Debug|Any CPU
		{D286D856-C8EE-42D7-B145-A75247FC642E}.Release|Any CPU.ActiveCfg = Release|Any CPU
		{D286D856-C8EE-42D7-B145-A75247FC642E}.Release|Any CPU.Build.0 = Release|Any CPU
		{9F827574-A66D-42A9-83FD-36183B0B23F7}.Debug|Any CPU.ActiveCfg = Debug|Any CPU
		{9F827574-A66D-42A9-83FD-36183B0B23F7}.Debug|Any CPU.Build.0 = Debug|Any CPU
		{9F827574-A66D-42A9-83FD-36183B0B23F7}.Release|Any CPU.ActiveCfg = Release|Any CPU
		{9F827574-A66D-42A9-83FD-36183B0B23F7}.Release|Any CPU.Build.0 = Release|Any CPU
		{D4499242-1F91-49B8-9E11-CF516E09AC36}.Debug|Any CPU.ActiveCfg = Debug|Any CPU
		{D4499242-1F91-49B8-9E11-CF516E09AC36}.Debug|Any CPU.Build.0 = Debug|Any CPU
		{D4499242-1F91-49B8-9E11-CF516E09AC36}.Release|Any CPU.ActiveCfg = Release|Any CPU
		{D4499242-1F91-49B8-9E11-CF516E09AC36}.Release|Any CPU.Build.0 = Release|Any CPU
		{B34EFF88-1287-4757-BC68-D344DD4248F0}.Debug|Any CPU.ActiveCfg = Debug|Any CPU
		{B34EFF88-1287-4757-BC68-D344DD4248F0}.Debug|Any CPU.Build.0 = Debug|Any CPU
		{B34EFF88-1287-4757-BC68-D344DD4248F0}.Release|Any CPU.ActiveCfg = Release|Any CPU
		{B34EFF88-1287-4757-BC68-D344DD4248F0}.Release|Any CPU.Build.0 = Release|Any CPU
	EndGlobalSection
EndGlobal
